// !$*UTF8*$!
{
	archiveVersion = 1;
	classes = {
	};
	objectVersion = 50;
	objects = {

/* Begin PBXBuildFile section */
		5716BAD12715077C00768CD5 /* 4.png in Resources */ = {isa = PBXBuildFile; fileRef = 5716BACD2715077C00768CD5 /* 4.png */; };
		5716BAD22715077C00768CD5 /* 2.png in Resources */ = {isa = PBXBuildFile; fileRef = 5716BACE2715077C00768CD5 /* 2.png */; };
		5716BAD32715077C00768CD5 /* 3.png in Resources */ = {isa = PBXBuildFile; fileRef = 5716BACF2715077C00768CD5 /* 3.png */; };
		5716BAD42715077C00768CD5 /* 1.png in Resources */ = {isa = PBXBuildFile; fileRef = 5716BAD02715077C00768CD5 /* 1.png */; };
		5716BAD627152C1500768CD5 /* NextViewController.swift in Sources */ = {isa = PBXBuildFile; fileRef = 5716BAD527152C1500768CD5 /* NextViewController.swift */; };
		5716BAD927155ADF00768CD5 /* TestCell.swift in Sources */ = {isa = PBXBuildFile; fileRef = 5716BAD827155ADF00768CD5 /* TestCell.swift */; };
		573D55C4271444520048288B /* AppDelegate.swift in Sources */ = {isa = PBXBuildFile; fileRef = 573D55C3271444520048288B /* AppDelegate.swift */; };
		573D55C6271444520048288B /* SceneDelegate.swift in Sources */ = {isa = PBXBuildFile; fileRef = 573D55C5271444520048288B /* SceneDelegate.swift */; };
		573D55C8271444520048288B /* ViewController.swift in Sources */ = {isa = PBXBuildFile; fileRef = 573D55C7271444520048288B /* ViewController.swift */; };
		573D55CB271444520048288B /* Main.storyboard in Resources */ = {isa = PBXBuildFile; fileRef = 573D55C9271444520048288B /* Main.storyboard */; };
		573D55CD271444530048288B /* Assets.xcassets in Resources */ = {isa = PBXBuildFile; fileRef = 573D55CC271444530048288B /* Assets.xcassets */; };
		573D55D0271444530048288B /* LaunchScreen.storyboard in Resources */ = {isa = PBXBuildFile; fileRef = 573D55CE271444530048288B /* LaunchScreen.storyboard */; };
		573D55D8271444790048288B /* YLInfiniteScrollView.swift in Sources */ = {isa = PBXBuildFile; fileRef = 573D55D7271444790048288B /* YLInfiniteScrollView.swift */; };
		573D55DB271448D10048288B /* YLInfiniteScrollCell.swift in Sources */ = {isa = PBXBuildFile; fileRef = 573D55D9271448D10048288B /* YLInfiniteScrollCell.swift */; };
/* End PBXBuildFile section */

/* Begin PBXFileReference section */
		5716BACD2715077C00768CD5 /* 4.png */ = {isa = PBXFileReference; lastKnownFileType = image.png; path = 4.png; sourceTree = "<group>"; };
		5716BACE2715077C00768CD5 /* 2.png */ = {isa = PBXFileReference; lastKnownFileType = image.png; path = 2.png; sourceTree = "<group>"; };
		5716BACF2715077C00768CD5 /* 3.png */ = {isa = PBXFileReference; lastKnownFileType = image.png; path = 3.png; sourceTree = "<group>"; };
		5716BAD02715077C00768CD5 /* 1.png */ = {isa = PBXFileReference; lastKnownFileType = image.png; path = 1.png; sourceTree = "<group>"; };
		5716BAD527152C1500768CD5 /* NextViewController.swift */ = {isa = PBXFileReference; lastKnownFileType = sourcecode.swift; path = NextViewController.swift; sourceTree = "<group>"; };
		5716BAD827155ADF00768CD5 /* TestCell.swift */ = {isa = PBXFileReference; lastKnownFileType = sourcecode.swift; path = TestCell.swift; sourceTree = "<group>"; };
		573D55C0271444520048288B /* YLInfiniteScrollView.app */ = {isa = PBXFileReference; explicitFileType = wrapper.application; includeInIndex = 0; path = YLInfiniteScrollView.app; sourceTree = BUILT_PRODUCTS_DIR; };
		573D55C3271444520048288B /* AppDelegate.swift */ = {isa = PBXFileReference; lastKnownFileType = sourcecode.swift; path = AppDelegate.swift; sourceTree = "<group>"; };
		573D55C5271444520048288B /* SceneDelegate.swift */ = {isa = PBXFileReference; lastKnownFileType = sourcecode.swift; path = SceneDelegate.swift; sourceTree = "<group>"; };
		573D55C7271444520048288B /* ViewController.swift */ = {isa = PBXFileReference; lastKnownFileType = sourcecode.swift; path = ViewController.swift; sourceTree = "<group>"; };
		573D55CA271444520048288B /* Base */ = {isa = PBXFileReference; lastKnownFileType = file.storyboard; name = Base; path = Base.lproj/Main.storyboard; sourceTree = "<group>"; };
		573D55CC271444530048288B /* Assets.xcassets */ = {isa = PBXFileReference; lastKnownFileType = folder.assetcatalog; path = Assets.xcassets; sourceTree = "<group>"; };
		573D55CF271444530048288B /* Base */ = {isa = PBXFileReference; lastKnownFileType = file.storyboard; name = Base; path = Base.lproj/LaunchScreen.storyboard; sourceTree = "<group>"; };
		573D55D1271444530048288B /* Info.plist */ = {isa = PBXFileReference; lastKnownFileType = text.plist.xml; path = Info.plist; sourceTree = "<group>"; };
		573D55D7271444790048288B /* YLInfiniteScrollView.swift */ = {isa = PBXFileReference; lastKnownFileType = sourcecode.swift; path = YLInfiniteScrollView.swift; sourceTree = "<group>"; };
		573D55D9271448D10048288B /* YLInfiniteScrollCell.swift */ = {isa = PBXFileReference; lastKnownFileType = sourcecode.swift; path = YLInfiniteScrollCell.swift; sourceTree = "<group>"; };
/* End PBXFileReference section */

/* Begin PBXFrameworksBuildPhase section */
		573D55BD271444520048288B /* Frameworks */ = {
			isa = PBXFrameworksBuildPhase;
			buildActionMask = 2147483647;
			files = (
			);
			runOnlyForDeploymentPostprocessing = 0;
		};
/* End PBXFrameworksBuildPhase section */

/* Begin PBXGroup section */
		5716BAD727152FFD00768CD5 /* YLInfiniteScrollView */ = {
			isa = PBXGroup;
			children = (
				573D55D7271444790048288B /* YLInfiniteScrollView.swift */,
				573D55D9271448D10048288B /* YLInfiniteScrollCell.swift */,
			);
			path = YLInfiniteScrollView;
			sourceTree = "<group>";
		};
		573D55B7271444520048288B = {
			isa = PBXGroup;
			children = (
				573D55C2271444520048288B /* YLInfiniteScrollView */,
				573D55C1271444520048288B /* Products */,
			);
			sourceTree = "<group>";
		};
		573D55C1271444520048288B /* Products */ = {
			isa = PBXGroup;
			children = (
				573D55C0271444520048288B /* YLInfiniteScrollView.app */,
			);
			name = Products;
			sourceTree = "<group>";
		};
		573D55C2271444520048288B /* YLInfiniteScrollView */ = {
			isa = PBXGroup;
			children = (
				5716BAD727152FFD00768CD5 /* YLInfiniteScrollView */,
				573D55C3271444520048288B /* AppDelegate.swift */,
				573D55C5271444520048288B /* SceneDelegate.swift */,
				573D55C7271444520048288B /* ViewController.swift */,
				5716BAD827155ADF00768CD5 /* TestCell.swift */,
				5716BAD527152C1500768CD5 /* NextViewController.swift */,
				573D55C9271444520048288B /* Main.storyboard */,
				573D55CC271444530048288B /* Assets.xcassets */,
				573D55CE271444530048288B /* LaunchScreen.storyboard */,
				573D55D1271444530048288B /* Info.plist */,
				5716BAD02715077C00768CD5 /* 1.png */,
				5716BACE2715077C00768CD5 /* 2.png */,
				5716BACF2715077C00768CD5 /* 3.png */,
				5716BACD2715077C00768CD5 /* 4.png */,
			);
			path = YLInfiniteScrollView;
			sourceTree = "<group>";
		};
/* End PBXGroup section */

/* Begin PBXNativeTarget section */
		573D55BF271444520048288B /* YLInfiniteScrollView */ = {
			isa = PBXNativeTarget;
			buildConfigurationList = 573D55D4271444530048288B /* Build configuration list for PBXNativeTarget "YLInfiniteScrollView" */;
			buildPhases = (
				573D55BC271444520048288B /* Sources */,
				573D55BD271444520048288B /* Frameworks */,
				573D55BE271444520048288B /* Resources */,
			);
			buildRules = (
			);
			dependencies = (
			);
			name = YLInfiniteScrollView;
			productName = YLInfiniteScrollView;
			productReference = 573D55C0271444520048288B /* YLInfiniteScrollView.app */;
			productType = "com.apple.product-type.application";
		};
/* End PBXNativeTarget section */

/* Begin PBXProject section */
		573D55B8271444520048288B /* Project object */ = {
			isa = PBXProject;
			attributes = {
				LastSwiftUpdateCheck = 1250;
				LastUpgradeCheck = 1250;
				TargetAttributes = {
					573D55BF271444520048288B = {
						CreatedOnToolsVersion = 12.5.1;
					};
				};
			};
			buildConfigurationList = 573D55BB271444520048288B /* Build configuration list for PBXProject "YLInfiniteScrollView" */;
			compatibilityVersion = "Xcode 9.3";
			developmentRegion = en;
			hasScannedForEncodings = 0;
			knownRegions = (
				en,
				Base,
			);
			mainGroup = 573D55B7271444520048288B;
			productRefGroup = 573D55C1271444520048288B /* Products */;
			projectDirPath = "";
			projectRoot = "";
			targets = (
				573D55BF271444520048288B /* YLInfiniteScrollView */,
			);
		};
/* End PBXProject section */

/* Begin PBXResourcesBuildPhase section */
		573D55BE271444520048288B /* Resources */ = {
			isa = PBXResourcesBuildPhase;
			buildActionMask = 2147483647;
			files = (
				5716BAD42715077C00768CD5 /* 1.png in Resources */,
				573D55D0271444530048288B /* LaunchScreen.storyboard in Resources */,
				573D55CD271444530048288B /* Assets.xcassets in Resources */,
				5716BAD12715077C00768CD5 /* 4.png in Resources */,
				5716BAD32715077C00768CD5 /* 3.png in Resources */,
				5716BAD22715077C00768CD5 /* 2.png in Resources */,
				573D55CB271444520048288B /* Main.storyboard in Resources */,
			);
			runOnlyForDeploymentPostprocessing = 0;
		};
/* End PBXResourcesBuildPhase section */

/* Begin PBXSourcesBuildPhase section */
		573D55BC271444520048288B /* Sources */ = {
			isa = PBXSourcesBuildPhase;
			buildActionMask = 2147483647;
			files = (
				5716BAD927155ADF00768CD5 /* TestCell.swift in Sources */,
				573D55DB271448D10048288B /* YLInfiniteScrollCell.swift in Sources */,
				5716BAD627152C1500768CD5 /* NextViewController.swift in Sources */,
				573D55C8271444520048288B /* ViewController.swift in Sources */,
				573D55C4271444520048288B /* AppDelegate.swift in Sources */,
				573D55D8271444790048288B /* YLInfiniteScrollView.swift in Sources */,
				573D55C6271444520048288B /* SceneDelegate.swift in Sources */,
			);
			runOnlyForDeploymentPostprocessing = 0;
		};
/* End PBXSourcesBuildPhase section */

/* Begin PBXVariantGroup section */
		573D55C9271444520048288B /* Main.storyboard */ = {
			isa = PBXVariantGroup;
			children = (
				573D55CA271444520048288B /* Base */,
			);
			name = Main.storyboard;
			sourceTree = "<group>";
		};
		573D55CE271444530048288B /* LaunchScreen.storyboard */ = {
			isa = PBXVariantGroup;
			children = (
				573D55CF271444530048288B /* Base */,
			);
			name = LaunchScreen.storyboard;
			sourceTree = "<group>";
		};
/* End PBXVariantGroup section */

/* Begin XCBuildConfiguration section */
		573D55D2271444530048288B /* Debug */ = {
			isa = XCBuildConfiguration;
			buildSettings = {
				ALWAYS_SEARCH_USER_PATHS = NO;
				CLANG_ANALYZER_NONNULL = YES;
				CLANG_ANALYZER_NUMBER_OBJECT_CONVERSION = YES_AGGRESSIVE;
				CLANG_CXX_LANGUAGE_STANDARD = "gnu++14";
				CLANG_CXX_LIBRARY = "libc++";
				CLANG_ENABLE_MODULES = YES;
				CLANG_ENABLE_OBJC_ARC = YES;
				CLANG_ENABLE_OBJC_WEAK = YES;
				CLANG_WARN_BLOCK_CAPTURE_AUTORELEASING = YES;
				CLANG_WARN_BOOL_CONVERSION = YES;
				CLANG_WARN_COMMA = YES;
				CLANG_WARN_CONSTANT_CONVERSION = YES;
				CLANG_WARN_DEPRECATED_OBJC_IMPLEMENTATIONS = YES;
				CLANG_WARN_DIRECT_OBJC_ISA_USAGE = YES_ERROR;
				CLANG_WARN_DOCUMENTATION_COMMENTS = YES;
				CLANG_WARN_EMPTY_BODY = YES;
				CLANG_WARN_ENUM_CONVERSION = YES;
				CLANG_WARN_INFINITE_RECURSION = YES;
				CLANG_WARN_INT_CONVERSION = YES;
				CLANG_WARN_NON_LITERAL_NULL_CONVERSION = YES;
				CLANG_WARN_OBJC_IMPLICIT_RETAIN_SELF = YES;
				CLANG_WARN_OBJC_LITERAL_CONVERSION = YES;
				CLANG_WARN_OBJC_ROOT_CLASS = YES_ERROR;
				CLANG_WARN_QUOTED_INCLUDE_IN_FRAMEWORK_HEADER = YES;
				CLANG_WARN_RANGE_LOOP_ANALYSIS = YES;
				CLANG_WARN_STRICT_PROTOTYPES = YES;
				CLANG_WARN_SUSPICIOUS_MOVE = YES;
				CLANG_WARN_UNGUARDED_AVAILABILITY = YES_AGGRESSIVE;
				CLANG_WARN_UNREACHABLE_CODE = YES;
				CLANG_WARN__DUPLICATE_METHOD_MATCH = YES;
				COPY_PHASE_STRIP = NO;
				DEBUG_INFORMATION_FORMAT = dwarf;
				ENABLE_STRICT_OBJC_MSGSEND = YES;
				ENABLE_TESTABILITY = YES;
				GCC_C_LANGUAGE_STANDARD = gnu11;
				GCC_DYNAMIC_NO_PIC = NO;
				GCC_NO_COMMON_BLOCKS = YES;
				GCC_OPTIMIZATION_LEVEL = 0;
				GCC_PREPROCESSOR_DEFINITIONS = (
					"DEBUG=1",
					"$(inherited)",
				);
				GCC_WARN_64_TO_32_BIT_CONVERSION = YES;
				GCC_WARN_ABOUT_RETURN_TYPE = YES_ERROR;
				GCC_WARN_UNDECLARED_SELECTOR = YES;
				GCC_WARN_UNINITIALIZED_AUTOS = YES_AGGRESSIVE;
				GCC_WARN_UNUSED_FUNCTION = YES;
				GCC_WARN_UNUSED_VARIABLE = YES;
				IPHONEOS_DEPLOYMENT_TARGET = 14.5;
				MTL_ENABLE_DEBUG_INFO = INCLUDE_SOURCE;
				MTL_FAST_MATH = YES;
				ONLY_ACTIVE_ARCH = YES;
				SDKROOT = iphoneos;
				SWIFT_ACTIVE_COMPILATION_CONDITIONS = DEBUG;
				SWIFT_OPTIMIZATION_LEVEL = "-Onone";
			};
			name = Debug;
		};
		573D55D3271444530048288B /* Release */ = {
			isa = XCBuildConfiguration;
			buildSettings = {
				ALWAYS_SEARCH_USER_PATHS = NO;
				CLANG_ANALYZER_NONNULL = YES;
				CLANG_ANALYZER_NUMBER_OBJECT_CONVERSION = YES_AGGRESSIVE;
				CLANG_CXX_LANGUAGE_STANDARD = "gnu++14";
				CLANG_CXX_LIBRARY = "libc++";
				CLANG_ENABLE_MODULES = YES;
				CLANG_ENABLE_OBJC_ARC = YES;
				CLANG_ENABLE_OBJC_WEAK = YES;
				CLANG_WARN_BLOCK_CAPTURE_AUTORELEASING = YES;
				CLANG_WARN_BOOL_CONVERSION = YES;
				CLANG_WARN_COMMA = YES;
				CLANG_WARN_CONSTANT_CONVERSION = YES;
				CLANG_WARN_DEPRECATED_OBJC_IMPLEMENTATIONS = YES;
				CLANG_WARN_DIRECT_OBJC_ISA_USAGE = YES_ERROR;
				CLANG_WARN_DOCUMENTATION_COMMENTS = YES;
				CLANG_WARN_EMPTY_BODY = YES;
				CLANG_WARN_ENUM_CONVERSION = YES;
				CLANG_WARN_INFINITE_RECURSION = YES;
				CLANG_WARN_INT_CONVERSION = YES;
				CLANG_WARN_NON_LITERAL_NULL_CONVERSION = YES;
				CLANG_WARN_OBJC_IMPLICIT_RETAIN_SELF = YES;
				CLANG_WARN_OBJC_LITERAL_CONVERSION = YES;
				CLANG_WARN_OBJC_ROOT_CLASS = YES_ERROR;
				CLANG_WARN_QUOTED_INCLUDE_IN_FRAMEWORK_HEADER = YES;
				CLANG_WARN_RANGE_LOOP_ANALYSIS = YES;
				CLANG_WARN_STRICT_PROTOTYPES = YES;
				CLANG_WARN_SUSPICIOUS_MOVE = YES;
				CLANG_WARN_UNGUARDED_AVAILABILITY = YES_AGGRESSIVE;
				CLANG_WARN_UNREACHABLE_CODE = YES;
				CLANG_WARN__DUPLICATE_METHOD_MATCH = YES;
				COPY_PHASE_STRIP = NO;
				DEBUG_INFORMATION_FORMAT = "dwarf-with-dsym";
				ENABLE_NS_ASSERTIONS = NO;
				ENABLE_STRICT_OBJC_MSGSEND = YES;
				GCC_C_LANGUAGE_STANDARD = gnu11;
				GCC_NO_COMMON_BLOCKS = YES;
				GCC_WARN_64_TO_32_BIT_CONVERSION = YES;
				GCC_WARN_ABOUT_RETURN_TYPE = YES_ERROR;
				GCC_WARN_UNDECLARED_SELECTOR = YES;
				GCC_WARN_UNINITIALIZED_AUTOS = YES_AGGRESSIVE;
				GCC_WARN_UNUSED_FUNCTION = YES;
				GCC_WARN_UNUSED_VARIABLE = YES;
				IPHONEOS_DEPLOYMENT_TARGET = 14.5;
				MTL_ENABLE_DEBUG_INFO = NO;
				MTL_FAST_MATH = YES;
				SDKROOT = iphoneos;
				SWIFT_COMPILATION_MODE = wholemodule;
				SWIFT_OPTIMIZATION_LEVEL = "-O";
				VALIDATE_PRODUCT = YES;
			};
			name = Release;
		};
		573D55D5271444530048288B /* Debug */ = {
			isa = XCBuildConfiguration;
			buildSettings = {
				ASSETCATALOG_COMPILER_APPICON_NAME = AppIcon;
				ASSETCATALOG_COMPILER_GLOBAL_ACCENT_COLOR_NAME = AccentColor;
				CODE_SIGN_STYLE = Automatic;
				DEVELOPMENT_TEAM = FN48ZWF64X;
				INFOPLIST_FILE = YLInfiniteScrollView/Info.plist;
				LD_RUNPATH_SEARCH_PATHS = (
					"$(inherited)",
					"@executable_path/Frameworks",
				);
				PRODUCT_BUNDLE_IDENTIFIER = cn.liangyuan.iosdeveloper.YLInfiniteScrollView;
				PRODUCT_NAME = "$(TARGET_NAME)";
				SWIFT_VERSION = 5.0;
				TARGETED_DEVICE_FAMILY = "1,2";
			};
			name = Debug;
		};
		573D55D6271444530048288B /* Release */ = {
			isa = XCBuildConfiguration;
			buildSettings = {
				ASSETCATALOG_COMPILER_APPICON_NAME = AppIcon;
				ASSETCATALOG_COMPILER_GLOBAL_ACCENT_COLOR_NAME = AccentColor;
				CODE_SIGN_STYLE = Automatic;
				DEVELOPMENT_TEAM = FN48ZWF64X;
				INFOPLIST_FILE = YLInfiniteScrollView/Info.plist;
				LD_RUNPATH_SEARCH_PATHS = (
					"$(inherited)",
					"@executable_path/Frameworks",
				);
				PRODUCT_BUNDLE_IDENTIFIER = cn.liangyuan.iosdeveloper.YLInfiniteScrollView;
				PRODUCT_NAME = "$(TARGET_NAME)";
				SWIFT_VERSION = 5.0;
				TARGETED_DEVICE_FAMILY = "1,2";
			};
			name = Release;
		};
/* End XCBuildConfiguration section */

/* Begin XCConfigurationList section */
		573D55BB271444520048288B /* Build configuration list for PBXProject "YLInfiniteScrollView" */ = {
			isa = XCConfigurationList;
			buildConfigurations = (
				573D55D2271444530048288B /* Debug */,
				573D55D3271444530048288B /* Release */,
			);
			defaultConfigurationIsVisible = 0;
			defaultConfigurationName = Release;
		};
		573D55D4271444530048288B /* Build configuration list for PBXNativeTarget "YLInfiniteScrollView" */ = {
			isa = XCConfigurationList;
			buildConfigurations = (
				573D55D5271444530048288B /* Debug */,
				573D55D6271444530048288B /* Release */,
			);
			defaultConfigurationIsVisible = 0;
			defaultConfigurationName = Release;
		};
/* End XCConfigurationList section */
	};
	rootObject = 573D55B8271444520048288B /* Project object */;
}
